{
  "name": "angular-example",
  "version": "1.0.0",
  "lockfileVersion": 1,
  "requires": true,
  "dependencies": {
    "@angular/common": {
      "version": "5.2.11",
      "resolved": "https://registry.npmjs.org/@angular/common/-/common-5.2.11.tgz",
      "integrity": "sha512-LniJjGAeftUJDJh+2+LEjltcGen08C/VMxQ/eUYmesytKy1sN+MWzh3GbpKfEWtWmyUsYTG9lAAJNo3L3jPwsw==",
      "requires": {
        "tslib": "^1.7.1"
      }
    },
    "@angular/compiler": {
      "version": "5.2.11",
      "resolved": "https://registry.npmjs.org/@angular/compiler/-/compiler-5.2.11.tgz",
      "integrity": "sha512-ICvB1ud1mxaXUYLb8vhJqiLhGBVocAZGxoHTglv6hMkbrRYcnlB3FZJFOzBvtj+krkd1jamoYLI43UAmesqQ6Q==",
      "requires": {
        "tslib": "^1.7.1"
      }
    },
    "@angular/core": {
      "version": "5.2.11",
      "resolved": "https://registry.npmjs.org/@angular/core/-/core-5.2.11.tgz",
      "integrity": "sha512-h2vpvXNAdOqKzbVaZcHnHGMT5A8uDnizk6FgGq6SPyw9s3d+/VxZ9LJaPjUk3g2lICA7og1tUel+2YfF971MlQ==",
      "requires": {
        "tslib": "^1.7.1"
      }
    },
    "@angular/forms": {
      "version": "5.2.11",
      "resolved": "https://registry.npmjs.org/@angular/forms/-/forms-5.2.11.tgz",
      "integrity": "sha512-wBllFlIubPclAFRXUc84Kc7TMeKOftzrQraVZ7ooTNeFLLa/FZLN2K8HGyRde8X/XDsMu1XAmjNfkz++spwTzA==",
      "requires": {
        "tslib": "^1.7.1"
      }
    },
    "@angular/platform-browser": {
      "version": "5.2.11",
      "resolved": "https://registry.npmjs.org/@angular/platform-browser/-/platform-browser-5.2.11.tgz",
      "integrity": "sha512-6YZ4IpBFqXx88vEzBZG2WWnaSYXbFWDgG0iT+bZPHAfwsbmqbcMcs7Ogu+XZ4VmK02dTqbrFh7U4P2W+sqrzow==",
      "requires": {
        "tslib": "^1.7.1"
      }
    },
    "@angular/platform-browser-dynamic": {
      "version": "5.2.11",
      "resolved": "https://registry.npmjs.org/@angular/platform-browser-dynamic/-/platform-browser-dynamic-5.2.11.tgz",
      "integrity": "sha512-5kKPNULcXNwkyBjpHfF+pq+Yxi8Zl866YSOK9t8txoiQ9Ctw97kMkEJcTetk6MJgBp/NP3YyjtoTAm8oXLerug==",
      "requires": {
        "tslib": "^1.7.1"
      }
    },
    "@angular/router": {
      "version": "5.2.11",
      "resolved": "https://registry.npmjs.org/@angular/router/-/router-5.2.11.tgz",
      "integrity": "sha512-NT8xYl7Vr3qPygisek3PlXqNROEjg48GXOEsDEc7c8lDBo3EB9Tf328fWJD0GbLtXZNhmmNNxwIe+qqPFFhFAA==",
      "requires": {
        "tslib": "^1.7.1"
      }
    },
    "@auth0/angular-jwt": {
      "version": "1.2.0",
      "resolved": "https://registry.npmjs.org/@auth0/angular-jwt/-/angular-jwt-1.2.0.tgz",
      "integrity": "sha512-T2t8ed4/g/w5aniVmOJ7AieTrQ9iU7urAbzRBx5OToY4UeEzzng+yP4yk114Xwoi3iV9AS4zhqMqgKcQ3vNvxA==",
      "requires": {
        "url": "^0.11.0"
      }
    },
    "core-js": {
      "version": "2.5.7",
      "resolved": "https://registry.npmjs.org/core-js/-/core-js-2.5.7.tgz",
      "integrity": "sha512-RszJCAxg/PP6uzXVXL6BsxSXx/B05oJAQ2vkJRjyjrEcNVycaqOmNb5OTxZPE3xa5gwZduqza6L9JOCenh/Ecw=="
    },
    "jquery": {
      "version": "3.3.1",
      "resolved": "https://registry.npmjs.org/jquery/-/jquery-3.3.1.tgz",
      "integrity": "sha512-Ubldcmxp5np52/ENotGxlLe6aGMvmF4R8S6tZjsP6Knsaxd/xp3Zrh50cG93lR6nPXyUFwzN3ZSOQI0wRJNdGg=="
    },
    "punycode": {
      "version": "1.3.2",
      "resolved": "https://registry.npmjs.org/punycode/-/punycode-1.3.2.tgz",
      "integrity": "sha1-llOgNvt8HuQjQvIyXM7v6jkmxI0="
    },
    "querystring": {
      "version": "0.2.0",
      "resolved": "https://registry.npmjs.org/querystring/-/querystring-0.2.0.tgz",
      "integrity": "sha1-sgmEkgO7Jd+CDadW50cAWHhSFiA="
    },
    "rxjs": {
      "version": "5.5.11",
      "resolved": "https://registry.npmjs.org/rxjs/-/rxjs-5.5.11.tgz",
      "integrity": "sha512-3bjO7UwWfA2CV7lmwYMBzj4fQ6Cq+ftHc2MvUe+WMS7wcdJ1LosDWmdjPQanYp2dBRj572p7PeU81JUxHKOcBA==",
      "requires": {
        "symbol-observable": "1.0.1"
      }
    },
    "symbol-observable": {
      "version": "1.0.1",
      "resolved": "https://registry.npmjs.org/symbol-observable/-/symbol-observable-1.0.1.tgz",
      "integrity": "sha1-g0D8RwLDEi310iKI+IKD9RPT/dQ="
    },
    "tslib": {
      "version": "1.9.2",
      "resolved": "https://registry.npmjs.org/tslib/-/tslib-1.9.2.tgz",
      "integrity": "sha512-AVP5Xol3WivEr7hnssHDsaM+lVrVXWUvd1cfXTRkTj80b//6g2wIFEH6hZG0muGZRnHGrfttpdzRk3YlBkWjKw=="
    },
    "url": {
      "version": "0.11.0",
      "resolved": "https://registry.npmjs.org/url/-/url-0.11.0.tgz",
      "integrity": "sha1-ODjpfPxgUh63PFJajlW/3Z4uKPE=",
      "requires": {
        "punycode": "1.3.2",
        "querystring": "0.2.0"
      }
    },
    "zone.js": {
      "version": "0.8.26",
      "resolved": "https://registry.npmjs.org/zone.js/-/zone.js-0.8.26.tgz",
      "integrity": "sha512-W9Nj+UmBJG251wkCacIkETgra4QgBo/vgoEkb4a2uoLzpQG7qF9nzwoLXWU5xj3Fg2mxGvEDh47mg24vXccYjA=="
    }
  }
}
